// !$*UTF8*$!
{
	archiveVersion = 1;
	classes = {
	};
	objectVersion = 51;
	objects = {

/* Begin PBXBuildFile section */
		0E27BB772475949600840832 /* TabPageViewController.framework in Frameworks */ = {isa = PBXBuildFile; fileRef = 0E27BB762475949600840832 /* TabPageViewController.framework */; };
		0E4E8B0D2474A2B000A4B398 /* AppDelegate.swift in Sources */ = {isa = PBXBuildFile; fileRef = 0E4E8B0C2474A2B000A4B398 /* AppDelegate.swift */; };
		0E4E8B0F2474A2B000A4B398 /* SceneDelegate.swift in Sources */ = {isa = PBXBuildFile; fileRef = 0E4E8B0E2474A2B000A4B398 /* SceneDelegate.swift */; };
		0E4E8B112474A2B000A4B398 /* ViewController.swift in Sources */ = {isa = PBXBuildFile; fileRef = 0E4E8B102474A2B000A4B398 /* ViewController.swift */; };
		0E4E8B142474A2B000A4B398 /* Main.storyboard in Resources */ = {isa = PBXBuildFile; fileRef = 0E4E8B122474A2B000A4B398 /* Main.storyboard */; };
		0E4E8B162474A2B100A4B398 /* Assets.xcassets in Resources */ = {isa = PBXBuildFile; fileRef = 0E4E8B152474A2B100A4B398 /* Assets.xcassets */; };
		0E4E8B192474A2B100A4B398 /* LaunchScreen.storyboard in Resources */ = {isa = PBXBuildFile; fileRef = 0E4E8B172474A2B100A4B398 /* LaunchScreen.storyboard */; };
		0E4E8B242474A2B100A4B398 /* MyBridgeSampleTests.swift in Sources */ = {isa = PBXBuildFile; fileRef = 0E4E8B232474A2B100A4B398 /* MyBridgeSampleTests.swift */; };
		0E4E8B2F2474A2B100A4B398 /* MyBridgeSampleUITests.swift in Sources */ = {isa = PBXBuildFile; fileRef = 0E4E8B2E2474A2B100A4B398 /* MyBridgeSampleUITests.swift */; };
		0E4E8B492474AEEB00A4B398 /* RxRelay.framework in Frameworks */ = {isa = PBXBuildFile; fileRef = 0E4E8B3E2474AEEA00A4B398 /* RxRelay.framework */; };
		0E4E8B4B2474AEEB00A4B398 /* SVProgressHUD.framework in Frameworks */ = {isa = PBXBuildFile; fileRef = 0E4E8B3F2474AEEA00A4B398 /* SVProgressHUD.framework */; };
		0E4E8B4D2474AEEB00A4B398 /* Nuke.framework in Frameworks */ = {isa = PBXBuildFile; fileRef = 0E4E8B402474AEEA00A4B398 /* Nuke.framework */; };
		0E4E8B4F2474AEEB00A4B398 /* RxCocoa.framework in Frameworks */ = {isa = PBXBuildFile; fileRef = 0E4E8B412474AEEA00A4B398 /* RxCocoa.framework */; };
		0E4E8B512474AEEB00A4B398 /* RealmSwift.framework in Frameworks */ = {isa = PBXBuildFile; fileRef = 0E4E8B422474AEEA00A4B398 /* RealmSwift.framework */; };
		0E4E8B532474AEEB00A4B398 /* RxSwift.framework in Frameworks */ = {isa = PBXBuildFile; fileRef = 0E4E8B432474AEEA00A4B398 /* RxSwift.framework */; };
		0E4E8B552474AEEB00A4B398 /* Realm.framework in Frameworks */ = {isa = PBXBuildFile; fileRef = 0E4E8B442474AEEA00A4B398 /* Realm.framework */; };
		0E4E8B592474AEEB00A4B398 /* APIKit.framework in Frameworks */ = {isa = PBXBuildFile; fileRef = 0E4E8B462474AEEA00A4B398 /* APIKit.framework */; };
		0E4E8B5E2474B71900A4B398 /* RxBlocking.framework in Frameworks */ = {isa = PBXBuildFile; fileRef = 0E4E8B3D2474AEEA00A4B398 /* RxBlocking.framework */; };
		0E4E8B5F2474B71900A4B398 /* RxTest.framework in Frameworks */ = {isa = PBXBuildFile; fileRef = 0E4E8B452474AEEA00A4B398 /* RxTest.framework */; };
/* End PBXBuildFile section */

/* Begin PBXContainerItemProxy section */
		0E4E8B202474A2B100A4B398 /* PBXContainerItemProxy */ = {
			isa = PBXContainerItemProxy;
			containerPortal = 0E4E8B012474A2B000A4B398 /* Project object */;
			proxyType = 1;
			remoteGlobalIDString = 0E4E8B082474A2B000A4B398;
			remoteInfo = MyBridgeSample;
		};
		0E4E8B2B2474A2B100A4B398 /* PBXContainerItemProxy */ = {
			isa = PBXContainerItemProxy;
			containerPortal = 0E4E8B012474A2B000A4B398 /* Project object */;
			proxyType = 1;
			remoteGlobalIDString = 0E4E8B082474A2B000A4B398;
			remoteInfo = MyBridgeSample;
		};
/* End PBXContainerItemProxy section */

/* Begin PBXFileReference section */
		0E27BB762475949600840832 /* TabPageViewController.framework */ = {isa = PBXFileReference; lastKnownFileType = wrapper.framework; name = TabPageViewController.framework; path = Carthage/Build/iOS/TabPageViewController.framework; sourceTree = "<group>"; };
		0E4E8B092474A2B000A4B398 /* MyBridgeSample.app */ = {isa = PBXFileReference; explicitFileType = wrapper.application; includeInIndex = 0; path = MyBridgeSample.app; sourceTree = BUILT_PRODUCTS_DIR; };
		0E4E8B0C2474A2B000A4B398 /* AppDelegate.swift */ = {isa = PBXFileReference; lastKnownFileType = sourcecode.swift; path = AppDelegate.swift; sourceTree = "<group>"; };
		0E4E8B0E2474A2B000A4B398 /* SceneDelegate.swift */ = {isa = PBXFileReference; lastKnownFileType = sourcecode.swift; path = SceneDelegate.swift; sourceTree = "<group>"; };
		0E4E8B102474A2B000A4B398 /* ViewController.swift */ = {isa = PBXFileReference; lastKnownFileType = sourcecode.swift; path = ViewController.swift; sourceTree = "<group>"; };
		0E4E8B132474A2B000A4B398 /* Base */ = {isa = PBXFileReference; lastKnownFileType = file.storyboard; name = Base; path = Base.lproj/Main.storyboard; sourceTree = "<group>"; };
		0E4E8B152474A2B100A4B398 /* Assets.xcassets */ = {isa = PBXFileReference; lastKnownFileType = folder.assetcatalog; path = Assets.xcassets; sourceTree = "<group>"; };
		0E4E8B182474A2B100A4B398 /* Base */ = {isa = PBXFileReference; lastKnownFileType = file.storyboard; name = Base; path = Base.lproj/LaunchScreen.storyboard; sourceTree = "<group>"; };
		0E4E8B1A2474A2B100A4B398 /* Info.plist */ = {isa = PBXFileReference; lastKnownFileType = text.plist.xml; path = Info.plist; sourceTree = "<group>"; };
		0E4E8B1F2474A2B100A4B398 /* MyBridgeSampleTests.xctest */ = {isa = PBXFileReference; explicitFileType = wrapper.cfbundle; includeInIndex = 0; path = MyBridgeSampleTests.xctest; sourceTree = BUILT_PRODUCTS_DIR; };
		0E4E8B232474A2B100A4B398 /* MyBridgeSampleTests.swift */ = {isa = PBXFileReference; lastKnownFileType = sourcecode.swift; path = MyBridgeSampleTests.swift; sourceTree = "<group>"; };
		0E4E8B252474A2B100A4B398 /* Info.plist */ = {isa = PBXFileReference; lastKnownFileType = text.plist.xml; path = Info.plist; sourceTree = "<group>"; };
		0E4E8B2A2474A2B100A4B398 /* MyBridgeSampleUITests.xctest */ = {isa = PBXFileReference; explicitFileType = wrapper.cfbundle; includeInIndex = 0; path = MyBridgeSampleUITests.xctest; sourceTree = BUILT_PRODUCTS_DIR; };
		0E4E8B2E2474A2B100A4B398 /* MyBridgeSampleUITests.swift */ = {isa = PBXFileReference; lastKnownFileType = sourcecode.swift; path = MyBridgeSampleUITests.swift; sourceTree = "<group>"; };
		0E4E8B302474A2B100A4B398 /* Info.plist */ = {isa = PBXFileReference; lastKnownFileType = text.plist.xml; path = Info.plist; sourceTree = "<group>"; };
		0E4E8B3D2474AEEA00A4B398 /* RxBlocking.framework */ = {isa = PBXFileReference; lastKnownFileType = wrapper.framework; name = RxBlocking.framework; path = Carthage/Build/iOS/RxBlocking.framework; sourceTree = "<group>"; };
		0E4E8B3E2474AEEA00A4B398 /* RxRelay.framework */ = {isa = PBXFileReference; lastKnownFileType = wrapper.framework; name = RxRelay.framework; path = Carthage/Build/iOS/RxRelay.framework; sourceTree = "<group>"; };
		0E4E8B3F2474AEEA00A4B398 /* SVProgressHUD.framework */ = {isa = PBXFileReference; lastKnownFileType = wrapper.framework; name = SVProgressHUD.framework; path = Carthage/Build/iOS/SVProgressHUD.framework; sourceTree = "<group>"; };
		0E4E8B402474AEEA00A4B398 /* Nuke.framework */ = {isa = PBXFileReference; lastKnownFileType = wrapper.framework; name = Nuke.framework; path = Carthage/Build/iOS/Nuke.framework; sourceTree = "<group>"; };
		0E4E8B412474AEEA00A4B398 /* RxCocoa.framework */ = {isa = PBXFileReference; lastKnownFileType = wrapper.framework; name = RxCocoa.framework; path = Carthage/Build/iOS/RxCocoa.framework; sourceTree = "<group>"; };
		0E4E8B422474AEEA00A4B398 /* RealmSwift.framework */ = {isa = PBXFileReference; lastKnownFileType = wrapper.framework; name = RealmSwift.framework; path = Carthage/Build/iOS/RealmSwift.framework; sourceTree = "<group>"; };
		0E4E8B432474AEEA00A4B398 /* RxSwift.framework */ = {isa = PBXFileReference; lastKnownFileType = wrapper.framework; name = RxSwift.framework; path = Carthage/Build/iOS/RxSwift.framework; sourceTree = "<group>"; };
		0E4E8B442474AEEA00A4B398 /* Realm.framework */ = {isa = PBXFileReference; lastKnownFileType = wrapper.framework; name = Realm.framework; path = Carthage/Build/iOS/Realm.framework; sourceTree = "<group>"; };
		0E4E8B452474AEEA00A4B398 /* RxTest.framework */ = {isa = PBXFileReference; lastKnownFileType = wrapper.framework; name = RxTest.framework; path = Carthage/Build/iOS/RxTest.framework; sourceTree = "<group>"; };
		0E4E8B462474AEEA00A4B398 /* APIKit.framework */ = {isa = PBXFileReference; lastKnownFileType = wrapper.framework; name = APIKit.framework; path = Carthage/Build/iOS/APIKit.framework; sourceTree = "<group>"; };
/* End PBXFileReference section */

/* Begin PBXFrameworksBuildPhase section */
		0E4E8B062474A2B000A4B398 /* Frameworks */ = {
			isa = PBXFrameworksBuildPhase;
			buildActionMask = 2147483647;
			files = (
				0E27BB772475949600840832 /* TabPageViewController.framework in Frameworks */,
				0E4E8B4B2474AEEB00A4B398 /* SVProgressHUD.framework in Frameworks */,
				0E4E8B4D2474AEEB00A4B398 /* Nuke.framework in Frameworks */,
				0E4E8B532474AEEB00A4B398 /* RxSwift.framework in Frameworks */,
				0E4E8B512474AEEB00A4B398 /* RealmSwift.framework in Frameworks */,
				0E4E8B552474AEEB00A4B398 /* Realm.framework in Frameworks */,
				0E4E8B492474AEEB00A4B398 /* RxRelay.framework in Frameworks */,
				0E4E8B4F2474AEEB00A4B398 /* RxCocoa.framework in Frameworks */,
				0E4E8B592474AEEB00A4B398 /* APIKit.framework in Frameworks */,
			);
			runOnlyForDeploymentPostprocessing = 0;
		};
		0E4E8B1C2474A2B100A4B398 /* Frameworks */ = {
			isa = PBXFrameworksBuildPhase;
			buildActionMask = 2147483647;
			files = (
				0E4E8B5E2474B71900A4B398 /* RxBlocking.framework in Frameworks */,
				0E4E8B5F2474B71900A4B398 /* RxTest.framework in Frameworks */,
			);
			runOnlyForDeploymentPostprocessing = 0;
		};
		0E4E8B272474A2B100A4B398 /* Frameworks */ = {
			isa = PBXFrameworksBuildPhase;
			buildActionMask = 2147483647;
			files = (
			);
			runOnlyForDeploymentPostprocessing = 0;
		};
/* End PBXFrameworksBuildPhase section */

/* Begin PBXGroup section */
		0E4E8B002474A2B000A4B398 = {
			isa = PBXGroup;
			children = (
				0E4E8B0B2474A2B000A4B398 /* MyBridgeSample */,
				0E4E8B222474A2B100A4B398 /* MyBridgeSampleTests */,
				0E4E8B2D2474A2B100A4B398 /* MyBridgeSampleUITests */,
				0E4E8B0A2474A2B000A4B398 /* Products */,
				0E4E8B3C2474AEEA00A4B398 /* Frameworks */,
			);
			sourceTree = "<group>";
		};
		0E4E8B0A2474A2B000A4B398 /* Products */ = {
			isa = PBXGroup;
			children = (
				0E4E8B092474A2B000A4B398 /* MyBridgeSample.app */,
				0E4E8B1F2474A2B100A4B398 /* MyBridgeSampleTests.xctest */,
				0E4E8B2A2474A2B100A4B398 /* MyBridgeSampleUITests.xctest */,
			);
			name = Products;
			sourceTree = "<group>";
		};
		0E4E8B0B2474A2B000A4B398 /* MyBridgeSample */ = {
			isa = PBXGroup;
			children = (
				0E4E8B0C2474A2B000A4B398 /* AppDelegate.swift */,
				0E4E8B0E2474A2B000A4B398 /* SceneDelegate.swift */,
				0E4E8B102474A2B000A4B398 /* ViewController.swift */,
				0E4E8B122474A2B000A4B398 /* Main.storyboard */,
				0E4E8B152474A2B100A4B398 /* Assets.xcassets */,
				0E4E8B172474A2B100A4B398 /* LaunchScreen.storyboard */,
				0E4E8B1A2474A2B100A4B398 /* Info.plist */,
			);
			path = MyBridgeSample;
			sourceTree = "<group>";
		};
		0E4E8B222474A2B100A4B398 /* MyBridgeSampleTests */ = {
			isa = PBXGroup;
			children = (
				0E4E8B232474A2B100A4B398 /* MyBridgeSampleTests.swift */,
				0E4E8B252474A2B100A4B398 /* Info.plist */,
			);
			path = MyBridgeSampleTests;
			sourceTree = "<group>";
		};
		0E4E8B2D2474A2B100A4B398 /* MyBridgeSampleUITests */ = {
			isa = PBXGroup;
			children = (
				0E4E8B2E2474A2B100A4B398 /* MyBridgeSampleUITests.swift */,
				0E4E8B302474A2B100A4B398 /* Info.plist */,
			);
			path = MyBridgeSampleUITests;
			sourceTree = "<group>";
		};
		0E4E8B3C2474AEEA00A4B398 /* Frameworks */ = {
			isa = PBXGroup;
			children = (
				0E27BB762475949600840832 /* TabPageViewController.framework */,
				0E4E8B462474AEEA00A4B398 /* APIKit.framework */,
				0E4E8B402474AEEA00A4B398 /* Nuke.framework */,
				0E4E8B442474AEEA00A4B398 /* Realm.framework */,
				0E4E8B422474AEEA00A4B398 /* RealmSwift.framework */,
				0E4E8B3D2474AEEA00A4B398 /* RxBlocking.framework */,
				0E4E8B412474AEEA00A4B398 /* RxCocoa.framework */,
				0E4E8B3E2474AEEA00A4B398 /* RxRelay.framework */,
				0E4E8B432474AEEA00A4B398 /* RxSwift.framework */,
				0E4E8B452474AEEA00A4B398 /* RxTest.framework */,
				0E4E8B3F2474AEEA00A4B398 /* SVProgressHUD.framework */,
			);
			name = Frameworks;
			sourceTree = "<group>";
		};
/* End PBXGroup section */

/* Begin PBXNativeTarget section */
		0E4E8B082474A2B000A4B398 /* MyBridgeSample */ = {
			isa = PBXNativeTarget;
			buildConfigurationList = 0E4E8B332474A2B100A4B398 /* Build configuration list for PBXNativeTarget "MyBridgeSample" */;
			buildPhases = (
				0E4E8B052474A2B000A4B398 /* Sources */,
				0E4E8B062474A2B000A4B398 /* Frameworks */,
				0E4E8B072474A2B000A4B398 /* Resources */,
				0E4E8B5C2474AF7800A4B398 /* Carthage */,
			);
			buildRules = (
			);
			dependencies = (
			);
			name = MyBridgeSample;
			productName = MyBridgeSample;
			productReference = 0E4E8B092474A2B000A4B398 /* MyBridgeSample.app */;
			productType = "com.apple.product-type.application";
		};
		0E4E8B1E2474A2B100A4B398 /* MyBridgeSampleTests */ = {
			isa = PBXNativeTarget;
			buildConfigurationList = 0E4E8B362474A2B100A4B398 /* Build configuration list for PBXNativeTarget "MyBridgeSampleTests" */;
			buildPhases = (
				0E4E8B1B2474A2B100A4B398 /* Sources */,
				0E4E8B1C2474A2B100A4B398 /* Frameworks */,
				0E4E8B1D2474A2B100A4B398 /* Resources */,
				0E4E8B5D2474B5ED00A4B398 /* Carthage */,
			);
			buildRules = (
			);
			dependencies = (
				0E4E8B212474A2B100A4B398 /* PBXTargetDependency */,
			);
			name = MyBridgeSampleTests;
			productName = MyBridgeSampleTests;
			productReference = 0E4E8B1F2474A2B100A4B398 /* MyBridgeSampleTests.xctest */;
			productType = "com.apple.product-type.bundle.unit-test";
		};
		0E4E8B292474A2B100A4B398 /* MyBridgeSampleUITests */ = {
			isa = PBXNativeTarget;
			buildConfigurationList = 0E4E8B392474A2B100A4B398 /* Build configuration list for PBXNativeTarget "MyBridgeSampleUITests" */;
			buildPhases = (
				0E4E8B262474A2B100A4B398 /* Sources */,
				0E4E8B272474A2B100A4B398 /* Frameworks */,
				0E4E8B282474A2B100A4B398 /* Resources */,
			);
			buildRules = (
			);
			dependencies = (
				0E4E8B2C2474A2B100A4B398 /* PBXTargetDependency */,
			);
			name = MyBridgeSampleUITests;
			productName = MyBridgeSampleUITests;
			productReference = 0E4E8B2A2474A2B100A4B398 /* MyBridgeSampleUITests.xctest */;
			productType = "com.apple.product-type.bundle.ui-testing";
		};
/* End PBXNativeTarget section */

/* Begin PBXProject section */
		0E4E8B012474A2B000A4B398 /* Project object */ = {
			isa = PBXProject;
			attributes = {
				LastSwiftUpdateCheck = 1140;
				LastUpgradeCheck = 1140;
				ORGANIZATIONNAME = "Kosuke Matsuda";
				TargetAttributes = {
					0E4E8B082474A2B000A4B398 = {
						CreatedOnToolsVersion = 11.4.1;
					};
					0E4E8B1E2474A2B100A4B398 = {
						CreatedOnToolsVersion = 11.4.1;
						TestTargetID = 0E4E8B082474A2B000A4B398;
					};
					0E4E8B292474A2B100A4B398 = {
						CreatedOnToolsVersion = 11.4.1;
						TestTargetID = 0E4E8B082474A2B000A4B398;
					};
				};
			};
			buildConfigurationList = 0E4E8B042474A2B000A4B398 /* Build configuration list for PBXProject "MyBridgeSample" */;
			compatibilityVersion = "Xcode 9.3";
			developmentRegion = en;
			hasScannedForEncodings = 0;
			knownRegions = (
				en,
				Base,
			);
			mainGroup = 0E4E8B002474A2B000A4B398;
			productRefGroup = 0E4E8B0A2474A2B000A4B398 /* Products */;
			projectDirPath = "";
			projectRoot = "";
			targets = (
				0E4E8B082474A2B000A4B398 /* MyBridgeSample */,
				0E4E8B1E2474A2B100A4B398 /* MyBridgeSampleTests */,
				0E4E8B292474A2B100A4B398 /* MyBridgeSampleUITests */,
			);
		};
/* End PBXProject section */

/* Begin PBXResourcesBuildPhase section */
		0E4E8B072474A2B000A4B398 /* Resources */ = {
			isa = PBXResourcesBuildPhase;
			buildActionMask = 2147483647;
			files = (
				0E4E8B192474A2B100A4B398 /* LaunchScreen.storyboard in Resources */,
				0E4E8B162474A2B100A4B398 /* Assets.xcassets in Resources */,
				0E4E8B142474A2B000A4B398 /* Main.storyboard in Resources */,
			);
			runOnlyForDeploymentPostprocessing = 0;
		};
		0E4E8B1D2474A2B100A4B398 /* Resources */ = {
			isa = PBXResourcesBuildPhase;
			buildActionMask = 2147483647;
			files = (
			);
			runOnlyForDeploymentPostprocessing = 0;
		};
		0E4E8B282474A2B100A4B398 /* Resources */ = {
			isa = PBXResourcesBuildPhase;
			buildActionMask = 2147483647;
			files = (
			);
			runOnlyForDeploymentPostprocessing = 0;
		};
/* End PBXResourcesBuildPhase section */

/* Begin PBXShellScriptBuildPhase section */
		0E4E8B5C2474AF7800A4B398 /* Carthage */ = {
			isa = PBXShellScriptBuildPhase;
			buildActionMask = 2147483647;
			files = (
			);
			inputFileListPaths = (
				"$(SRCROOT)/input.xcfilelist",
			);
			inputPaths = (
			);
			name = Carthage;
			outputFileListPaths = (
				"$(SRCROOT)/output.xcfilelist",
			);
			outputPaths = (
			);
			runOnlyForDeploymentPostprocessing = 0;
			shellPath = /bin/sh;
			shellScript = "/usr/local/bin/carthage copy-frameworks\n";
		};
		0E4E8B5D2474B5ED00A4B398 /* Carthage */ = {
			isa = PBXShellScriptBuildPhase;
			buildActionMask = 2147483647;
			files = (
			);
			inputFileListPaths = (
				"$(SRCROOT)/inputTest.xcfilelist",
			);
			inputPaths = (
			);
			name = Carthage;
			outputFileListPaths = (
				"$(SRCROOT)/outputTest.xcfilelist",
			);
			outputPaths = (
			);
			runOnlyForDeploymentPostprocessing = 0;
			shellPath = /bin/sh;
			shellScript = "/usr/local/bin/carthage copy-frameworks\n";
		};
/* End PBXShellScriptBuildPhase section */

/* Begin PBXSourcesBuildPhase section */
		0E4E8B052474A2B000A4B398 /* Sources */ = {
			isa = PBXSourcesBuildPhase;
			buildActionMask = 2147483647;
			files = (
				0E4E8B112474A2B000A4B398 /* ViewController.swift in Sources */,
				0E4E8B0D2474A2B000A4B398 /* AppDelegate.swift in Sources */,
				0E4E8B0F2474A2B000A4B398 /* SceneDelegate.swift in Sources */,
			);
			runOnlyForDeploymentPostprocessing = 0;
		};
		0E4E8B1B2474A2B100A4B398 /* Sources */ = {
			isa = PBXSourcesBuildPhase;
			buildActionMask = 2147483647;
			files = (
				0E4E8B242474A2B100A4B398 /* MyBridgeSampleTests.swift in Sources */,
			);
			runOnlyForDeploymentPostprocessing = 0;
		};
		0E4E8B262474A2B100A4B398 /* Sources */ = {
			isa = PBXSourcesBuildPhase;
			buildActionMask = 2147483647;
			files = (
				0E4E8B2F2474A2B100A4B398 /* MyBridgeSampleUITests.swift in Sources */,
			);
			runOnlyForDeploymentPostprocessing = 0;
		};
/* End PBXSourcesBuildPhase section */

/* Begin PBXTargetDependency section */
		0E4E8B212474A2B100A4B398 /* PBXTargetDependency */ = {
			isa = PBXTargetDependency;
			target = 0E4E8B082474A2B000A4B398 /* MyBridgeSample */;
			targetProxy = 0E4E8B202474A2B100A4B398 /* PBXContainerItemProxy */;
		};
		0E4E8B2C2474A2B100A4B398 /* PBXTargetDependency */ = {
			isa = PBXTargetDependency;
			target = 0E4E8B082474A2B000A4B398 /* MyBridgeSample */;
			targetProxy = 0E4E8B2B2474A2B100A4B398 /* PBXContainerItemProxy */;
		};
/* End PBXTargetDependency section */

/* Begin PBXVariantGroup section */
		0E4E8B122474A2B000A4B398 /* Main.storyboard */ = {
			isa = PBXVariantGroup;
			children = (
				0E4E8B132474A2B000A4B398 /* Base */,
			);
			name = Main.storyboard;
			sourceTree = "<group>";
		};
		0E4E8B172474A2B100A4B398 /* LaunchScreen.storyboard */ = {
			isa = PBXVariantGroup;
			children = (
				0E4E8B182474A2B100A4B398 /* Base */,
			);
			name = LaunchScreen.storyboard;
			sourceTree = "<group>";
		};
/* End PBXVariantGroup section */

/* Begin XCBuildConfiguration section */
		0E4E8B312474A2B100A4B398 /* Debug */ = {
			isa = XCBuildConfiguration;
			buildSettings = {
				ALWAYS_SEARCH_USER_PATHS = NO;
				CLANG_ANALYZER_NONNULL = YES;
				CLANG_ANALYZER_NUMBER_OBJECT_CONVERSION = YES_AGGRESSIVE;
				CLANG_CXX_LANGUAGE_STANDARD = "gnu++14";
				CLANG_CXX_LIBRARY = "libc++";
				CLANG_ENABLE_MODULES = YES;
				CLANG_ENABLE_OBJC_ARC = YES;
				CLANG_ENABLE_OBJC_WEAK = YES;
				CLANG_WARN_BLOCK_CAPTURE_AUTORELEASING = YES;
				CLANG_WARN_BOOL_CONVERSION = YES;
				CLANG_WARN_COMMA = YES;
				CLANG_WARN_CONSTANT_CONVERSION = YES;
				CLANG_WARN_DEPRECATED_OBJC_IMPLEMENTATIONS = YES;
				CLANG_WARN_DIRECT_OBJC_ISA_USAGE = YES_ERROR;
				CLANG_WARN_DOCUMENTATION_COMMENTS = YES;
				CLANG_WARN_EMPTY_BODY = YES;
				CLANG_WARN_ENUM_CONVERSION = YES;
				CLANG_WARN_INFINITE_RECURSION = YES;
				CLANG_WARN_INT_CONVERSION = YES;
				CLANG_WARN_NON_LITERAL_NULL_CONVERSION = YES;
				CLANG_WARN_OBJC_IMPLICIT_RETAIN_SELF = YES;
				CLANG_WARN_OBJC_LITERAL_CONVERSION = YES;
				CLANG_WARN_OBJC_ROOT_CLASS = YES_ERROR;
				CLANG_WARN_RANGE_LOOP_ANALYSIS = YES;
				CLANG_WARN_STRICT_PROTOTYPES = YES;
				CLANG_WARN_SUSPICIOUS_MOVE = YES;
				CLANG_WARN_UNGUARDED_AVAILABILITY = YES_AGGRESSIVE;
				CLANG_WARN_UNREACHABLE_CODE = YES;
				CLANG_WARN__DUPLICATE_METHOD_MATCH = YES;
				COPY_PHASE_STRIP = NO;
				DEBUG_INFORMATION_FORMAT = dwarf;
				ENABLE_STRICT_OBJC_MSGSEND = YES;
				ENABLE_TESTABILITY = YES;
				GCC_C_LANGUAGE_STANDARD = gnu11;
				GCC_DYNAMIC_NO_PIC = NO;
				GCC_NO_COMMON_BLOCKS = YES;
				GCC_OPTIMIZATION_LEVEL = 0;
				GCC_PREPROCESSOR_DEFINITIONS = (
					"DEBUG=1",
					"$(inherited)",
				);
				GCC_WARN_64_TO_32_BIT_CONVERSION = YES;
				GCC_WARN_ABOUT_RETURN_TYPE = YES_ERROR;
				GCC_WARN_UNDECLARED_SELECTOR = YES;
				GCC_WARN_UNINITIALIZED_AUTOS = YES_AGGRESSIVE;
				GCC_WARN_UNUSED_FUNCTION = YES;
				GCC_WARN_UNUSED_VARIABLE = YES;
				IPHONEOS_DEPLOYMENT_TARGET = 13.4;
				MTL_ENABLE_DEBUG_INFO = INCLUDE_SOURCE;
				MTL_FAST_MATH = YES;
				ONLY_ACTIVE_ARCH = YES;
				SDKROOT = iphoneos;
				SWIFT_ACTIVE_COMPILATION_CONDITIONS = DEBUG;
				SWIFT_OPTIMIZATION_LEVEL = "-Onone";
			};
			name = Debug;
		};
		0E4E8B322474A2B100A4B398 /* Release */ = {
			isa = XCBuildConfiguration;
			buildSettings = {
				ALWAYS_SEARCH_USER_PATHS = NO;
				CLANG_ANALYZER_NONNULL = YES;
				CLANG_ANALYZER_NUMBER_OBJECT_CONVERSION = YES_AGGRESSIVE;
				CLANG_CXX_LANGUAGE_STANDARD = "gnu++14";
				CLANG_CXX_LIBRARY = "libc++";
				CLANG_ENABLE_MODULES = YES;
				CLANG_ENABLE_OBJC_ARC = YES;
				CLANG_ENABLE_OBJC_WEAK = YES;
				CLANG_WARN_BLOCK_CAPTURE_AUTORELEASING = YES;
				CLANG_WARN_BOOL_CONVERSION = YES;
				CLANG_WARN_COMMA = YES;
				CLANG_WARN_CONSTANT_CONVERSION = YES;
				CLANG_WARN_DEPRECATED_OBJC_IMPLEMENTATIONS = YES;
				CLANG_WARN_DIRECT_OBJC_ISA_USAGE = YES_ERROR;
				CLANG_WARN_DOCUMENTATION_COMMENTS = YES;
				CLANG_WARN_EMPTY_BODY = YES;
				CLANG_WARN_ENUM_CONVERSION = YES;
				CLANG_WARN_INFINITE_RECURSION = YES;
				CLANG_WARN_INT_CONVERSION = YES;
				CLANG_WARN_NON_LITERAL_NULL_CONVERSION = YES;
				CLANG_WARN_OBJC_IMPLICIT_RETAIN_SELF = YES;
				CLANG_WARN_OBJC_LITERAL_CONVERSION = YES;
				CLANG_WARN_OBJC_ROOT_CLASS = YES_ERROR;
				CLANG_WARN_RANGE_LOOP_ANALYSIS = YES;
				CLANG_WARN_STRICT_PROTOTYPES = YES;
				CLANG_WARN_SUSPICIOUS_MOVE = YES;
				CLANG_WARN_UNGUARDED_AVAILABILITY = YES_AGGRESSIVE;
				CLANG_WARN_UNREACHABLE_CODE = YES;
				CLANG_WARN__DUPLICATE_METHOD_MATCH = YES;
				COPY_PHASE_STRIP = NO;
				DEBUG_INFORMATION_FORMAT = "dwarf-with-dsym";
				ENABLE_NS_ASSERTIONS = NO;
				ENABLE_STRICT_OBJC_MSGSEND = YES;
				GCC_C_LANGUAGE_STANDARD = gnu11;
				GCC_NO_COMMON_BLOCKS = YES;
				GCC_WARN_64_TO_32_BIT_CONVERSION = YES;
				GCC_WARN_ABOUT_RETURN_TYPE = YES_ERROR;
				GCC_WARN_UNDECLARED_SELECTOR = YES;
				GCC_WARN_UNINITIALIZED_AUTOS = YES_AGGRESSIVE;
				GCC_WARN_UNUSED_FUNCTION = YES;
				GCC_WARN_UNUSED_VARIABLE = YES;
				IPHONEOS_DEPLOYMENT_TARGET = 13.4;
				MTL_ENABLE_DEBUG_INFO = NO;
				MTL_FAST_MATH = YES;
				SDKROOT = iphoneos;
				SWIFT_COMPILATION_MODE = wholemodule;
				SWIFT_OPTIMIZATION_LEVEL = "-O";
				VALIDATE_PRODUCT = YES;
			};
			name = Release;
		};
		0E4E8B342474A2B100A4B398 /* Debug */ = {
			isa = XCBuildConfiguration;
			buildSettings = {
				ASSETCATALOG_COMPILER_APPICON_NAME = AppIcon;
				CODE_SIGN_STYLE = Automatic;
				FRAMEWORK_SEARCH_PATHS = (
					"$(inherited)",
					"$(PROJECT_DIR)/Carthage/Build/iOS",
				);
				INFOPLIST_FILE = MyBridgeSample/Info.plist;
				IPHONEOS_DEPLOYMENT_TARGET = 13.0;
				LD_RUNPATH_SEARCH_PATHS = (
					"$(inherited)",
					"@executable_path/Frameworks",
				);
				PRODUCT_BUNDLE_IDENTIFIER = com.github.matsuda.MyBridgeSample;
				PRODUCT_NAME = "$(TARGET_NAME)";
				SWIFT_VERSION = 5.0;
				TARGETED_DEVICE_FAMILY = "1,2";
			};
			name = Debug;
		};
		0E4E8B352474A2B100A4B398 /* Release */ = {
			isa = XCBuildConfiguration;
			buildSettings = {
				ASSETCATALOG_COMPILER_APPICON_NAME = AppIcon;
				CODE_SIGN_STYLE = Automatic;
				FRAMEWORK_SEARCH_PATHS = (
					"$(inherited)",
					"$(PROJECT_DIR)/Carthage/Build/iOS",
				);
				INFOPLIST_FILE = MyBridgeSample/Info.plist;
				IPHONEOS_DEPLOYMENT_TARGET = 13.0;
				LD_RUNPATH_SEARCH_PATHS = (
					"$(inherited)",
					"@executable_path/Frameworks",
				);
				PRODUCT_BUNDLE_IDENTIFIER = com.github.matsuda.MyBridgeSample;
				PRODUCT_NAME = "$(TARGET_NAME)";
				SWIFT_VERSION = 5.0;
				TARGETED_DEVICE_FAMILY = "1,2";
			};
			name = Release;
		};
		0E4E8B372474A2B100A4B398 /* Debug */ = {
			isa = XCBuildConfiguration;
			buildSettings = {
				ALWAYS_EMBED_SWIFT_STANDARD_LIBRARIES = YES;
				BUNDLE_LOADER = "$(TEST_HOST)";
				CODE_SIGN_STYLE = Automatic;
				FRAMEWORK_SEARCH_PATHS = (
					"$(inherited)",
					"$(PROJECT_DIR)/Carthage/Build/iOS",
				);
				INFOPLIST_FILE = MyBridgeSampleTests/Info.plist;
				IPHONEOS_DEPLOYMENT_TARGET = 13.4;
				LD_RUNPATH_SEARCH_PATHS = (
					"$(inherited)",
					"@executable_path/Frameworks",
					"@loader_path/Frameworks",
				);
				PRODUCT_BUNDLE_IDENTIFIER = com.github.matsuda.MyBridgeSampleTests;
				PRODUCT_NAME = "$(TARGET_NAME)";
				SWIFT_VERSION = 5.0;
				TARGETED_DEVICE_FAMILY = "1,2";
				TEST_HOST = "$(BUILT_PRODUCTS_DIR)/MyBridgeSample.app/MyBridgeSample";
			};
			name = Debug;
		};
		0E4E8B382474A2B100A4B398 /* Release */ = {
			isa = XCBuildConfiguration;
			buildSettings = {
				ALWAYS_EMBED_SWIFT_STANDARD_LIBRARIES = YES;
				BUNDLE_LOADER = "$(TEST_HOST)";
				CODE_SIGN_STYLE = Automatic;
				FRAMEWORK_SEARCH_PATHS = (
					"$(inherited)",
					"$(PROJECT_DIR)/Carthage/Build/iOS",
				);
				INFOPLIST_FILE = MyBridgeSampleTests/Info.plist;
				IPHONEOS_DEPLOYMENT_TARGET = 13.4;
				LD_RUNPATH_SEARCH_PATHS = (
					"$(inherited)",
					"@executable_path/Frameworks",
					"@loader_path/Frameworks",
				);
				PRODUCT_BUNDLE_IDENTIFIER = com.github.matsuda.MyBridgeSampleTests;
				PRODUCT_NAME = "$(TARGET_NAME)";
				SWIFT_VERSION = 5.0;
				TARGETED_DEVICE_FAMILY = "1,2";
				TEST_HOST = "$(BUILT_PRODUCTS_DIR)/MyBridgeSample.app/MyBridgeSample";
			};
			name = Release;
		};
		0E4E8B3A2474A2B100A4B398 /* Debug */ = {
			isa = XCBuildConfiguration;
			buildSettings = {
				ALWAYS_EMBED_SWIFT_STANDARD_LIBRARIES = YES;
				CODE_SIGN_STYLE = Automatic;
				INFOPLIST_FILE = MyBridgeSampleUITests/Info.plist;
				LD_RUNPATH_SEARCH_PATHS = (
					"$(inherited)",
					"@executable_path/Frameworks",
					"@loader_path/Frameworks",
				);
				PRODUCT_BUNDLE_IDENTIFIER = com.github.matsuda.MyBridgeSampleUITests;
				PRODUCT_NAME = "$(TARGET_NAME)";
				SWIFT_VERSION = 5.0;
				TARGETED_DEVICE_FAMILY = "1,2";
				TEST_TARGET_NAME = MyBridgeSample;
			};
			name = Debug;
		};
		0E4E8B3B2474A2B100A4B398 /* Release */ = {
			isa = XCBuildConfiguration;
			buildSettings = {
				ALWAYS_EMBED_SWIFT_STANDARD_LIBRARIES = YES;
				CODE_SIGN_STYLE = Automatic;
				INFOPLIST_FILE = MyBridgeSampleUITests/Info.plist;
				LD_RUNPATH_SEARCH_PATHS = (
					"$(inherited)",
					"@executable_path/Frameworks",
					"@loader_path/Frameworks",
				);
				PRODUCT_BUNDLE_IDENTIFIER = com.github.matsuda.MyBridgeSampleUITests;
				PRODUCT_NAME = "$(TARGET_NAME)";
				SWIFT_VERSION = 5.0;
				TARGETED_DEVICE_FAMILY = "1,2";
				TEST_TARGET_NAME = MyBridgeSample;
			};
			name = Release;
		};
/* End XCBuildConfiguration section */

/* Begin XCConfigurationList section */
		0E4E8B042474A2B000A4B398 /* Build configuration list for PBXProject "MyBridgeSample" */ = {
			isa = XCConfigurationList;
			buildConfigurations = (
				0E4E8B312474A2B100A4B398 /* Debug */,
				0E4E8B322474A2B100A4B398 /* Release */,
			);
			defaultConfigurationIsVisible = 0;
			defaultConfigurationName = Release;
		};
		0E4E8B332474A2B100A4B398 /* Build configuration list for PBXNativeTarget "MyBridgeSample" */ = {
			isa = XCConfigurationList;
			buildConfigurations = (
				0E4E8B342474A2B100A4B398 /* Debug */,
				0E4E8B352474A2B100A4B398 /* Release */,
			);
			defaultConfigurationIsVisible = 0;
			defaultConfigurationName = Release;
		};
		0E4E8B362474A2B100A4B398 /* Build configuration list for PBXNativeTarget "MyBridgeSampleTests" */ = {
			isa = XCConfigurationList;
			buildConfigurations = (
				0E4E8B372474A2B100A4B398 /* Debug */,
				0E4E8B382474A2B100A4B398 /* Release */,
			);
			defaultConfigurationIsVisible = 0;
			defaultConfigurationName = Release;
		};
		0E4E8B392474A2B100A4B398 /* Build configuration list for PBXNativeTarget "MyBridgeSampleUITests" */ = {
			isa = XCConfigurationList;
			buildConfigurations = (
				0E4E8B3A2474A2B100A4B398 /* Debug */,
				0E4E8B3B2474A2B100A4B398 /* Release */,
			);
			defaultConfigurationIsVisible = 0;
			defaultConfigurationName = Release;
		};
/* End XCConfigurationList section */
	};
	rootObject = 0E4E8B012474A2B000A4B398 /* Project object */;
}
